// !$*UTF8*$!
{
	archiveVersion = 1;
	classes = {
	};
	objectVersion = 46;
	objects = {

/* Begin PBXBuildFile section */
		1D70BFB71D311CB2003D604B /* SwitchView.swift in Sources */ = {isa = PBXBuildFile; fileRef = 1D70BFB61D311CB2003D604B /* SwitchView.swift */; };
		1D70BFB91D311CC1003D604B /* SwitchView.xib in Resources */ = {isa = PBXBuildFile; fileRef = 1D70BFB81D311CC1003D604B /* SwitchView.xib */; };
		1D90629F1DE1CDB100053E35 /* Extensions.swift in Sources */ = {isa = PBXBuildFile; fileRef = 1D90629E1DE1CDB100053E35 /* Extensions.swift */; };
		1D98FC221DEB45F600EE4CF3 /* Mocks.swift in Sources */ = {isa = PBXBuildFile; fileRef = 1D98FC211DEB45F600EE4CF3 /* Mocks.swift */; };
		1D98FC241DF07F6800EE4CF3 /* PublicFunctions.swift in Sources */ = {isa = PBXBuildFile; fileRef = 1D98FC231DF07F6800EE4CF3 /* PublicFunctions.swift */; };
		1DAAEB3B1D2FA3C60058E5CF /* TwoParametersCalculator.swift in Sources */ = {isa = PBXBuildFile; fileRef = 1DAAEB3A1D2FA3C60058E5CF /* TwoParametersCalculator.swift */; };
		1DAAEB5B1D3026160058E5CF /* PointerCircle.swift in Sources */ = {isa = PBXBuildFile; fileRef = 1DAAEB5A1D3026160058E5CF /* PointerCircle.swift */; };
		5A8FC8ED1D0D4442006C5A20 /* AppDelegate.swift in Sources */ = {isa = PBXBuildFile; fileRef = 5A8FC8EC1D0D4442006C5A20 /* AppDelegate.swift */; };
		5A8FC8F21D0D4442006C5A20 /* Main.storyboard in Resources */ = {isa = PBXBuildFile; fileRef = 5A8FC8F01D0D4442006C5A20 /* Main.storyboard */; };
		5A8FC8F41D0D4442006C5A20 /* Assets.xcassets in Resources */ = {isa = PBXBuildFile; fileRef = 5A8FC8F31D0D4442006C5A20 /* Assets.xcassets */; };
		5A8FC8F71D0D4442006C5A20 /* LaunchScreen.storyboard in Resources */ = {isa = PBXBuildFile; fileRef = 5A8FC8F51D0D4442006C5A20 /* LaunchScreen.storyboard */; };
		5A8FC9021D0D4442006C5A20 /* AudioInterfacesTests.swift in Sources */ = {isa = PBXBuildFile; fileRef = 5A8FC9011D0D4442006C5A20 /* AudioInterfacesTests.swift */; };
		5A8FC90D1D0D4782006C5A20 /* Constants.swift in Sources */ = {isa = PBXBuildFile; fileRef = 5A8FC90C1D0D4782006C5A20 /* Constants.swift */; };
		5A8FC9101D0D47AF006C5A20 /* KnobCalculator.swift in Sources */ = {isa = PBXBuildFile; fileRef = 5A8FC90F1D0D47AF006C5A20 /* KnobCalculator.swift */; };
		5A8FC9131D0D47E8006C5A20 /* RotationGestureRecognizer.swift in Sources */ = {isa = PBXBuildFile; fileRef = 5A8FC9121D0D47E8006C5A20 /* RotationGestureRecognizer.swift */; };
		5A8FC9151D0D48B6006C5A20 /* SimpleKnob.swift in Sources */ = {isa = PBXBuildFile; fileRef = 5A8FC9141D0D48B6006C5A20 /* SimpleKnob.swift */; };
		5A8FC91A1D0D89CF006C5A20 /* ViewController.swift in Sources */ = {isa = PBXBuildFile; fileRef = 5A8FC9191D0D89CF006C5A20 /* ViewController.swift */; };
		BD5F50041D116062000F291D /* PadView.swift in Sources */ = {isa = PBXBuildFile; fileRef = BD5F50031D116062000F291D /* PadView.swift */; };
		BD6B22AD1D0EDB2000E61F04 /* Protocols.swift in Sources */ = {isa = PBXBuildFile; fileRef = BD6B22AC1D0EDB2000E61F04 /* Protocols.swift */; };
		BD6B22AF1D0F085C00E61F04 /* ScaledKnob.swift in Sources */ = {isa = PBXBuildFile; fileRef = BD6B22AE1D0F085C00E61F04 /* ScaledKnob.swift */; };
		BD7897D51D12A0930011DFF6 /* TapTempoCalculator.swift in Sources */ = {isa = PBXBuildFile; fileRef = BD7897D41D12A0930011DFF6 /* TapTempoCalculator.swift */; };
		BD7897D71D12A9020011DFF6 /* Pad.swift in Sources */ = {isa = PBXBuildFile; fileRef = BD7897D61D12A9020011DFF6 /* Pad.swift */; };
/* End PBXBuildFile section */

/* Begin PBXContainerItemProxy section */
		5A8FC8FE1D0D4442006C5A20 /* PBXContainerItemProxy */ = {
			isa = PBXContainerItemProxy;
			containerPortal = 5A8FC8E11D0D4442006C5A20 /* Project object */;
			proxyType = 1;
			remoteGlobalIDString = 5A8FC8E81D0D4442006C5A20;
			remoteInfo = AudioInterfaces;
		};
/* End PBXContainerItemProxy section */

/* Begin PBXFileReference section */
		1D70BFB61D311CB2003D604B /* SwitchView.swift */ = {isa = PBXFileReference; fileEncoding = 4; lastKnownFileType = sourcecode.swift; path = SwitchView.swift; sourceTree = "<group>"; };
		1D70BFB81D311CC1003D604B /* SwitchView.xib */ = {isa = PBXFileReference; fileEncoding = 4; lastKnownFileType = file.xib; path = SwitchView.xib; sourceTree = "<group>"; };
		1D90629E1DE1CDB100053E35 /* Extensions.swift */ = {isa = PBXFileReference; fileEncoding = 4; lastKnownFileType = sourcecode.swift; path = Extensions.swift; sourceTree = "<group>"; };
		1D98FC211DEB45F600EE4CF3 /* Mocks.swift */ = {isa = PBXFileReference; fileEncoding = 4; lastKnownFileType = sourcecode.swift; path = Mocks.swift; sourceTree = "<group>"; };
		1D98FC231DF07F6800EE4CF3 /* PublicFunctions.swift */ = {isa = PBXFileReference; fileEncoding = 4; lastKnownFileType = sourcecode.swift; path = PublicFunctions.swift; sourceTree = "<group>"; };
		1DAAEB3A1D2FA3C60058E5CF /* TwoParametersCalculator.swift */ = {isa = PBXFileReference; fileEncoding = 4; lastKnownFileType = sourcecode.swift; path = TwoParametersCalculator.swift; sourceTree = "<group>"; };
		1DAAEB5A1D3026160058E5CF /* PointerCircle.swift */ = {isa = PBXFileReference; fileEncoding = 4; lastKnownFileType = sourcecode.swift; path = PointerCircle.swift; sourceTree = "<group>"; };
		5A8FC8E91D0D4442006C5A20 /* AudioInterfaces.app */ = {isa = PBXFileReference; explicitFileType = wrapper.application; includeInIndex = 0; path = AudioInterfaces.app; sourceTree = BUILT_PRODUCTS_DIR; };
		5A8FC8EC1D0D4442006C5A20 /* AppDelegate.swift */ = {isa = PBXFileReference; lastKnownFileType = sourcecode.swift; path = AppDelegate.swift; sourceTree = "<group>"; };
		5A8FC8F11D0D4442006C5A20 /* Base */ = {isa = PBXFileReference; lastKnownFileType = file.storyboard; name = Base; path = Base.lproj/Main.storyboard; sourceTree = "<group>"; };
		5A8FC8F31D0D4442006C5A20 /* Assets.xcassets */ = {isa = PBXFileReference; lastKnownFileType = folder.assetcatalog; path = Assets.xcassets; sourceTree = "<group>"; };
		5A8FC8F61D0D4442006C5A20 /* Base */ = {isa = PBXFileReference; lastKnownFileType = file.storyboard; name = Base; path = Base.lproj/LaunchScreen.storyboard; sourceTree = "<group>"; };
		5A8FC8F81D0D4442006C5A20 /* Info.plist */ = {isa = PBXFileReference; lastKnownFileType = text.plist.xml; path = Info.plist; sourceTree = "<group>"; };
		5A8FC8FD1D0D4442006C5A20 /* AudioInterfacesTests.xctest */ = {isa = PBXFileReference; explicitFileType = wrapper.cfbundle; includeInIndex = 0; path = AudioInterfacesTests.xctest; sourceTree = BUILT_PRODUCTS_DIR; };
		5A8FC9011D0D4442006C5A20 /* AudioInterfacesTests.swift */ = {isa = PBXFileReference; lastKnownFileType = sourcecode.swift; path = AudioInterfacesTests.swift; sourceTree = "<group>"; };
		5A8FC9031D0D4442006C5A20 /* Info.plist */ = {isa = PBXFileReference; lastKnownFileType = text.plist.xml; path = Info.plist; sourceTree = "<group>"; };
		5A8FC90C1D0D4782006C5A20 /* Constants.swift */ = {isa = PBXFileReference; fileEncoding = 4; lastKnownFileType = sourcecode.swift; path = Constants.swift; sourceTree = "<group>"; };
		5A8FC90F1D0D47AF006C5A20 /* KnobCalculator.swift */ = {isa = PBXFileReference; fileEncoding = 4; lastKnownFileType = sourcecode.swift; path = KnobCalculator.swift; sourceTree = "<group>"; };
		5A8FC9121D0D47E8006C5A20 /* RotationGestureRecognizer.swift */ = {isa = PBXFileReference; fileEncoding = 4; lastKnownFileType = sourcecode.swift; path = RotationGestureRecognizer.swift; sourceTree = "<group>"; };
		5A8FC9141D0D48B6006C5A20 /* SimpleKnob.swift */ = {isa = PBXFileReference; fileEncoding = 4; lastKnownFileType = sourcecode.swift; path = SimpleKnob.swift; sourceTree = "<group>"; };
		5A8FC9191D0D89CF006C5A20 /* ViewController.swift */ = {isa = PBXFileReference; fileEncoding = 4; lastKnownFileType = sourcecode.swift; path = ViewController.swift; sourceTree = "<group>"; };
		BD5F50031D116062000F291D /* PadView.swift */ = {isa = PBXFileReference; fileEncoding = 4; lastKnownFileType = sourcecode.swift; path = PadView.swift; sourceTree = "<group>"; };
		BD6B22AC1D0EDB2000E61F04 /* Protocols.swift */ = {isa = PBXFileReference; fileEncoding = 4; lastKnownFileType = sourcecode.swift; path = Protocols.swift; sourceTree = "<group>"; };
		BD6B22AE1D0F085C00E61F04 /* ScaledKnob.swift */ = {isa = PBXFileReference; fileEncoding = 4; lastKnownFileType = sourcecode.swift; path = ScaledKnob.swift; sourceTree = "<group>"; };
		BD7897D41D12A0930011DFF6 /* TapTempoCalculator.swift */ = {isa = PBXFileReference; fileEncoding = 4; lastKnownFileType = sourcecode.swift; path = TapTempoCalculator.swift; sourceTree = "<group>"; };
		BD7897D61D12A9020011DFF6 /* Pad.swift */ = {isa = PBXFileReference; fileEncoding = 4; lastKnownFileType = sourcecode.swift; path = Pad.swift; sourceTree = "<group>"; };
/* End PBXFileReference section */

/* Begin PBXFrameworksBuildPhase section */
		5A8FC8E61D0D4442006C5A20 /* Frameworks */ = {
			isa = PBXFrameworksBuildPhase;
			buildActionMask = 2147483647;
			files = (
			);
			runOnlyForDeploymentPostprocessing = 0;
		};
		5A8FC8FA1D0D4442006C5A20 /* Frameworks */ = {
			isa = PBXFrameworksBuildPhase;
			buildActionMask = 2147483647;
			files = (
			);
			runOnlyForDeploymentPostprocessing = 0;
		};
/* End PBXFrameworksBuildPhase section */

/* Begin PBXGroup section */
		1D70BFB51D311C8E003D604B /* PadViews */ = {
			isa = PBXGroup;
			children = (
				BD5F50031D116062000F291D /* PadView.swift */,
				BD7897D61D12A9020011DFF6 /* Pad.swift */,
				1DAAEB5A1D3026160058E5CF /* PointerCircle.swift */,
				1D70BFB61D311CB2003D604B /* SwitchView.swift */,
				1D70BFB81D311CC1003D604B /* SwitchView.xib */,
			);
			name = PadViews;
			sourceTree = "<group>";
		};
		5A8FC8E01D0D4442006C5A20 = {
			isa = PBXGroup;
			children = (
				5A8FC8EB1D0D4442006C5A20 /* AudioInterfaces */,
				5A8FC9001D0D4442006C5A20 /* AudioInterfacesTests */,
				5A8FC8EA1D0D4442006C5A20 /* Products */,
			);
			sourceTree = "<group>";
		};
		5A8FC8EA1D0D4442006C5A20 /* Products */ = {
			isa = PBXGroup;
			children = (
				5A8FC8E91D0D4442006C5A20 /* AudioInterfaces.app */,
				5A8FC8FD1D0D4442006C5A20 /* AudioInterfacesTests.xctest */,
			);
			name = Products;
			sourceTree = "<group>";
		};
		5A8FC8EB1D0D4442006C5A20 /* AudioInterfaces */ = {
			isa = PBXGroup;
			children = (
				5A8FC8EC1D0D4442006C5A20 /* AppDelegate.swift */,
				5A8FC90E1D0D478A006C5A20 /* Shared */,
				5A8FC9111D0D47B7006C5A20 /* Calculators */,
				5A8FC9181D0D48D2006C5A20 /* UI */,
				5A8FC8F01D0D4442006C5A20 /* Main.storyboard */,
				5A8FC9191D0D89CF006C5A20 /* ViewController.swift */,
				5A8FC8F31D0D4442006C5A20 /* Assets.xcassets */,
				5A8FC8F51D0D4442006C5A20 /* LaunchScreen.storyboard */,
				5A8FC8F81D0D4442006C5A20 /* Info.plist */,
			);
			path = AudioInterfaces;
			sourceTree = "<group>";
		};
		5A8FC9001D0D4442006C5A20 /* AudioInterfacesTests */ = {
			isa = PBXGroup;
			children = (
				1D98FC211DEB45F600EE4CF3 /* Mocks.swift */,
				5A8FC9011D0D4442006C5A20 /* AudioInterfacesTests.swift */,
				5A8FC9031D0D4442006C5A20 /* Info.plist */,
			);
			path = AudioInterfacesTests;
			sourceTree = "<group>";
		};
		5A8FC90E1D0D478A006C5A20 /* Shared */ = {
			isa = PBXGroup;
			children = (
				5A8FC90C1D0D4782006C5A20 /* Constants.swift */,
				5A8FC9121D0D47E8006C5A20 /* RotationGestureRecognizer.swift */,
				BD6B22AC1D0EDB2000E61F04 /* Protocols.swift */,
				1D90629E1DE1CDB100053E35 /* Extensions.swift */,
				1D98FC231DF07F6800EE4CF3 /* PublicFunctions.swift */,
			);
			name = Shared;
			sourceTree = "<group>";
		};
		5A8FC9111D0D47B7006C5A20 /* Calculators */ = {
			isa = PBXGroup;
			children = (
				5A8FC90F1D0D47AF006C5A20 /* KnobCalculator.swift */,
				BD7897D41D12A0930011DFF6 /* TapTempoCalculator.swift */,
				1DAAEB3A1D2FA3C60058E5CF /* TwoParametersCalculator.swift */,
			);
			name = Calculators;
			sourceTree = "<group>";
		};
		5A8FC9181D0D48D2006C5A20 /* UI */ = {
			isa = PBXGroup;
			children = (
				1D70BFB51D311C8E003D604B /* PadViews */,
				5A8FC9141D0D48B6006C5A20 /* SimpleKnob.swift */,
				BD6B22AE1D0F085C00E61F04 /* ScaledKnob.swift */,
			);
			name = UI;
			sourceTree = "<group>";
		};
/* End PBXGroup section */

/* Begin PBXNativeTarget section */
		5A8FC8E81D0D4442006C5A20 /* AudioInterfaces */ = {
			isa = PBXNativeTarget;
			buildConfigurationList = 5A8FC9061D0D4442006C5A20 /* Build configuration list for PBXNativeTarget "AudioInterfaces" */;
			buildPhases = (
				5A8FC8E51D0D4442006C5A20 /* Sources */,
				5A8FC8E61D0D4442006C5A20 /* Frameworks */,
				5A8FC8E71D0D4442006C5A20 /* Resources */,
			);
			buildRules = (
			);
			dependencies = (
			);
			name = AudioInterfaces;
			productName = AudioInterfaces;
			productReference = 5A8FC8E91D0D4442006C5A20 /* AudioInterfaces.app */;
			productType = "com.apple.product-type.application";
		};
		5A8FC8FC1D0D4442006C5A20 /* AudioInterfacesTests */ = {
			isa = PBXNativeTarget;
			buildConfigurationList = 5A8FC9091D0D4442006C5A20 /* Build configuration list for PBXNativeTarget "AudioInterfacesTests" */;
			buildPhases = (
				5A8FC8F91D0D4442006C5A20 /* Sources */,
				5A8FC8FA1D0D4442006C5A20 /* Frameworks */,
				5A8FC8FB1D0D4442006C5A20 /* Resources */,
			);
			buildRules = (
			);
			dependencies = (
				5A8FC8FF1D0D4442006C5A20 /* PBXTargetDependency */,
			);
			name = AudioInterfacesTests;
			productName = AudioInterfacesTests;
			productReference = 5A8FC8FD1D0D4442006C5A20 /* AudioInterfacesTests.xctest */;
			productType = "com.apple.product-type.bundle.unit-test";
		};
/* End PBXNativeTarget section */

/* Begin PBXProject section */
		5A8FC8E11D0D4442006C5A20 /* Project object */ = {
			isa = PBXProject;
			attributes = {
				LastSwiftUpdateCheck = 0730;
				LastUpgradeCheck = 0810;
				ORGANIZATIONNAME = "Alessandro Manni";
				TargetAttributes = {
					5A8FC8E81D0D4442006C5A20 = {
						CreatedOnToolsVersion = 7.3.1;
						LastSwiftMigration = 0810;
					};
					5A8FC8FC1D0D4442006C5A20 = {
						CreatedOnToolsVersion = 7.3.1;
						LastSwiftMigration = 0810;
						TestTargetID = 5A8FC8E81D0D4442006C5A20;
					};
				};
			};
			buildConfigurationList = 5A8FC8E41D0D4442006C5A20 /* Build configuration list for PBXProject "AudioInterfaces" */;
			compatibilityVersion = "Xcode 3.2";
			developmentRegion = English;
			hasScannedForEncodings = 0;
			knownRegions = (
				en,
				Base,
			);
			mainGroup = 5A8FC8E01D0D4442006C5A20;
			productRefGroup = 5A8FC8EA1D0D4442006C5A20 /* Products */;
			projectDirPath = "";
			projectRoot = "";
			targets = (
				5A8FC8E81D0D4442006C5A20 /* AudioInterfaces */,
				5A8FC8FC1D0D4442006C5A20 /* AudioInterfacesTests */,
			);
		};
/* End PBXProject section */

/* Begin PBXResourcesBuildPhase section */
		5A8FC8E71D0D4442006C5A20 /* Resources */ = {
			isa = PBXResourcesBuildPhase;
			buildActionMask = 2147483647;
			files = (
				1D70BFB91D311CC1003D604B /* SwitchView.xib in Resources */,
				5A8FC8F71D0D4442006C5A20 /* LaunchScreen.storyboard in Resources */,
				5A8FC8F41D0D4442006C5A20 /* Assets.xcassets in Resources */,
				5A8FC8F21D0D4442006C5A20 /* Main.storyboard in Resources */,
			);
			runOnlyForDeploymentPostprocessing = 0;
		};
		5A8FC8FB1D0D4442006C5A20 /* Resources */ = {
			isa = PBXResourcesBuildPhase;
			buildActionMask = 2147483647;
			files = (
			);
			runOnlyForDeploymentPostprocessing = 0;
		};
/* End PBXResourcesBuildPhase section */

/* Begin PBXSourcesBuildPhase section */
		5A8FC8E51D0D4442006C5A20 /* Sources */ = {
			isa = PBXSourcesBuildPhase;
			buildActionMask = 2147483647;
			files = (
				BD6B22AD1D0EDB2000E61F04 /* Protocols.swift in Sources */,
				BD6B22AF1D0F085C00E61F04 /* ScaledKnob.swift in Sources */,
				5A8FC91A1D0D89CF006C5A20 /* ViewController.swift in Sources */,
				5A8FC9151D0D48B6006C5A20 /* SimpleKnob.swift in Sources */,
				1D98FC241DF07F6800EE4CF3 /* PublicFunctions.swift in Sources */,
				1DAAEB3B1D2FA3C60058E5CF /* TwoParametersCalculator.swift in Sources */,
				1DAAEB5B1D3026160058E5CF /* PointerCircle.swift in Sources */,
				5A8FC9101D0D47AF006C5A20 /* KnobCalculator.swift in Sources */,
				BD7897D71D12A9020011DFF6 /* Pad.swift in Sources */,
				1D70BFB71D311CB2003D604B /* SwitchView.swift in Sources */,
				BD5F50041D116062000F291D /* PadView.swift in Sources */,
				5A8FC8ED1D0D4442006C5A20 /* AppDelegate.swift in Sources */,
				1D90629F1DE1CDB100053E35 /* Extensions.swift in Sources */,
				BD7897D51D12A0930011DFF6 /* TapTempoCalculator.swift in Sources */,
				5A8FC90D1D0D4782006C5A20 /* Constants.swift in Sources */,
				5A8FC9131D0D47E8006C5A20 /* RotationGestureRecognizer.swift in Sources */,
			);
			runOnlyForDeploymentPostprocessing = 0;
		};
		5A8FC8F91D0D4442006C5A20 /* Sources */ = {
			isa = PBXSourcesBuildPhase;
			buildActionMask = 2147483647;
			files = (
				5A8FC9021D0D4442006C5A20 /* AudioInterfacesTests.swift in Sources */,
				1D98FC221DEB45F600EE4CF3 /* Mocks.swift in Sources */,
			);
			runOnlyForDeploymentPostprocessing = 0;
		};
/* End PBXSourcesBuildPhase section */

/* Begin PBXTargetDependency section */
		5A8FC8FF1D0D4442006C5A20 /* PBXTargetDependency */ = {
			isa = PBXTargetDependency;
			target = 5A8FC8E81D0D4442006C5A20 /* AudioInterfaces */;
			targetProxy = 5A8FC8FE1D0D4442006C5A20 /* PBXContainerItemProxy */;
		};
/* End PBXTargetDependency section */

/* Begin PBXVariantGroup section */
		5A8FC8F01D0D4442006C5A20 /* Main.storyboard */ = {
			isa = PBXVariantGroup;
			children = (
				5A8FC8F11D0D4442006C5A20 /* Base */,
			);
			name = Main.storyboard;
			sourceTree = "<group>";
		};
		5A8FC8F51D0D4442006C5A20 /* LaunchScreen.storyboard */ = {
			isa = PBXVariantGroup;
			children = (
				5A8FC8F61D0D4442006C5A20 /* Base */,
			);
			name = LaunchScreen.storyboard;
			sourceTree = "<group>";
		};
/* End PBXVariantGroup section */

/* Begin XCBuildConfiguration section */
		5A8FC9041D0D4442006C5A20 /* Debug */ = {
			isa = XCBuildConfiguration;
			buildSettings = {
				ALWAYS_SEARCH_USER_PATHS = NO;
				CLANG_ANALYZER_NONNULL = YES;
				CLANG_CXX_LANGUAGE_STANDARD = "gnu++0x";
				CLANG_CXX_LIBRARY = "libc++";
				CLANG_ENABLE_MODULES = YES;
				CLANG_ENABLE_OBJC_ARC = YES;
				CLANG_WARN_BOOL_CONVERSION = YES;
				CLANG_WARN_CONSTANT_CONVERSION = YES;
				CLANG_WARN_DIRECT_OBJC_ISA_USAGE = YES_ERROR;
				CLANG_WARN_EMPTY_BODY = YES;
				CLANG_WARN_ENUM_CONVERSION = YES;
				CLANG_WARN_INFINITE_RECURSION = YES;
				CLANG_WARN_INT_CONVERSION = YES;
				CLANG_WARN_OBJC_ROOT_CLASS = YES_ERROR;
				CLANG_WARN_SUSPICIOUS_MOVE = YES;
				CLANG_WARN_UNREACHABLE_CODE = YES;
				CLANG_WARN__DUPLICATE_METHOD_MATCH = YES;
				"CODE_SIGN_IDENTITY[sdk=iphoneos*]" = "iPhone Developer";
				COPY_PHASE_STRIP = NO;
				DEBUG_INFORMATION_FORMAT = dwarf;
				ENABLE_STRICT_OBJC_MSGSEND = YES;
				ENABLE_TESTABILITY = YES;
				GCC_C_LANGUAGE_STANDARD = gnu99;
				GCC_DYNAMIC_NO_PIC = NO;
				GCC_NO_COMMON_BLOCKS = YES;
				GCC_OPTIMIZATION_LEVEL = 0;
				GCC_PREPROCESSOR_DEFINITIONS = (
					"DEBUG=1",
					"$(inherited)",
				);
				GCC_WARN_64_TO_32_BIT_CONVERSION = YES;
				GCC_WARN_ABOUT_RETURN_TYPE = YES_ERROR;
				GCC_WARN_UNDECLARED_SELECTOR = YES;
				GCC_WARN_UNINITIALIZED_AUTOS = YES_AGGRESSIVE;
				GCC_WARN_UNUSED_FUNCTION = YES;
				GCC_WARN_UNUSED_VARIABLE = YES;
				IPHONEOS_DEPLOYMENT_TARGET = 9.3;
				MTL_ENABLE_DEBUG_INFO = YES;
				ONLY_ACTIVE_ARCH = YES;
				SDKROOT = iphoneos;
				SWIFT_OPTIMIZATION_LEVEL = "-Onone";
			};
			name = Debug;
		};
		5A8FC9051D0D4442006C5A20 /* Release */ = {
			isa = XCBuildConfiguration;
			buildSettings = {
				ALWAYS_SEARCH_USER_PATHS = NO;
				CLANG_ANALYZER_NONNULL = YES;
				CLANG_CXX_LANGUAGE_STANDARD = "gnu++0x";
				CLANG_CXX_LIBRARY = "libc++";
				CLANG_ENABLE_MODULES = YES;
				CLANG_ENABLE_OBJC_ARC = YES;
				CLANG_WARN_BOOL_CONVERSION = YES;
				CLANG_WARN_CONSTANT_CONVERSION = YES;
				CLANG_WARN_DIRECT_OBJC_ISA_USAGE = YES_ERROR;
				CLANG_WARN_EMPTY_BODY = YES;
				CLANG_WARN_ENUM_CONVERSION = YES;
				CLANG_WARN_INFINITE_RECURSION = YES;
				CLANG_WARN_INT_CONVERSION = YES;
				CLANG_WARN_OBJC_ROOT_CLASS = YES_ERROR;
				CLANG_WARN_SUSPICIOUS_MOVE = YES;
				CLANG_WARN_UNREACHABLE_CODE = YES;
				CLANG_WARN__DUPLICATE_METHOD_MATCH = YES;
				"CODE_SIGN_IDENTITY[sdk=iphoneos*]" = "iPhone Developer";
				COPY_PHASE_STRIP = NO;
				DEBUG_INFORMATION_FORMAT = "dwarf-with-dsym";
				ENABLE_NS_ASSERTIONS = NO;
				ENABLE_STRICT_OBJC_MSGSEND = YES;
				GCC_C_LANGUAGE_STANDARD = gnu99;
				GCC_NO_COMMON_BLOCKS = YES;
				GCC_WARN_64_TO_32_BIT_CONVERSION = YES;
				GCC_WARN_ABOUT_RETURN_TYPE = YES_ERROR;
				GCC_WARN_UNDECLARED_SELECTOR = YES;
				GCC_WARN_UNINITIALIZED_AUTOS = YES_AGGRESSIVE;
				GCC_WARN_UNUSED_FUNCTION = YES;
				GCC_WARN_UNUSED_VARIABLE = YES;
				IPHONEOS_DEPLOYMENT_TARGET = 9.3;
				MTL_ENABLE_DEBUG_INFO = NO;
				SDKROOT = iphoneos;
				SWIFT_OPTIMIZATION_LEVEL = "-Owholemodule";
				VALIDATE_PRODUCT = YES;
			};
			name = Release;
		};
		5A8FC9071D0D4442006C5A20 /* Debug */ = {
			isa = XCBuildConfiguration;
			buildSettings = {
				ASSETCATALOG_COMPILER_APPICON_NAME = AppIcon;
				CODE_SIGN_IDENTITY = "iPhone Developer";
				INFOPLIST_FILE = AudioInterfaces/Info.plist;
				LD_RUNPATH_SEARCH_PATHS = "$(inherited) @executable_path/Frameworks";
				PRODUCT_BUNDLE_IDENTIFIER = "com.info-alessandromanni.AudioInterfaces";
				PRODUCT_NAME = "$(TARGET_NAME)";
				SWIFT_VERSION = 3.0;
				TARGETED_DEVICE_FAMILY = "1,2";
			};
			name = Debug;
		};
		5A8FC9081D0D4442006C5A20 /* Release */ = {
			isa = XCBuildConfiguration;
			buildSettings = {
				ASSETCATALOG_COMPILER_APPICON_NAME = AppIcon;
				CODE_SIGN_IDENTITY = "iPhone Developer";
				INFOPLIST_FILE = AudioInterfaces/Info.plist;
				LD_RUNPATH_SEARCH_PATHS = "$(inherited) @executable_path/Frameworks";
				PRODUCT_BUNDLE_IDENTIFIER = "com.info-alessandromanni.AudioInterfaces";
				PRODUCT_NAME = "$(TARGET_NAME)";
				SWIFT_VERSION = 3.0;
				TARGETED_DEVICE_FAMILY = "1,2";
			};
			name = Release;
		};
		5A8FC90A1D0D4442006C5A20 /* Debug */ = {
			isa = XCBuildConfiguration;
			buildSettings = {
				BUNDLE_LOADER = "$(TEST_HOST)";
				INFOPLIST_FILE = AudioInterfacesTests/Info.plist;
				LD_RUNPATH_SEARCH_PATHS = "$(inherited) @executable_path/Frameworks @loader_path/Frameworks";
				PRODUCT_BUNDLE_IDENTIFIER = "com.info-alessandromanni.AudioInterfacesTests";
				PRODUCT_NAME = "$(TARGET_NAME)";
				SWIFT_VERSION = 3.0;
				TEST_HOST = "$(BUILT_PRODUCTS_DIR)/AudioInterfaces.app/AudioInterfaces";
			};
			name = Debug;
		};
		5A8FC90B1D0D4442006C5A20 /* Release */ = {
			isa = XCBuildConfiguration;
			buildSettings = {
				BUNDLE_LOADER = "$(TEST_HOST)";
				INFOPLIST_FILE = AudioInterfacesTests/Info.plist;
				LD_RUNPATH_SEARCH_PATHS = "$(inherited) @executable_path/Frameworks @loader_path/Frameworks";
				PRODUCT_BUNDLE_IDENTIFIER = "com.info-alessandromanni.AudioInterfacesTests";
				PRODUCT_NAME = "$(TARGET_NAME)";
				SWIFT_VERSION = 3.0;
				TEST_HOST = "$(BUILT_PRODUCTS_DIR)/AudioInterfaces.app/AudioInterfaces";
			};
			name = Release;
		};
/* End XCBuildConfiguration section */

/* Begin XCConfigurationList section */
		5A8FC8E41D0D4442006C5A20 /* Build configuration list for PBXProject "AudioInterfaces" */ = {
			isa = XCConfigurationList;
			buildConfigurations = (
				5A8FC9041D0D4442006C5A20 /* Debug */,
				5A8FC9051D0D4442006C5A20 /* Release */,
			);
			defaultConfigurationIsVisible = 0;
			defaultConfigurationName = Release;
		};
		5A8FC9061D0D4442006C5A20 /* Build configuration list for PBXNativeTarget "AudioInterfaces" */ = {
			isa = XCConfigurationList;
			buildConfigurations = (
				5A8FC9071D0D4442006C5A20 /* Debug */,
				5A8FC9081D0D4442006C5A20 /* Release */,
			);
			defaultConfigurationIsVisible = 0;
			defaultConfigurationName = Release;
		};
		5A8FC9091D0D4442006C5A20 /* Build configuration list for PBXNativeTarget "AudioInterfacesTests" */ = {
			isa = XCConfigurationList;
			buildConfigurations = (
				5A8FC90A1D0D4442006C5A20 /* Debug */,
				5A8FC90B1D0D4442006C5A20 /* Release */,
			);
			defaultConfigurationIsVisible = 0;
			defaultConfigurationName = Release;
		};
/* End XCConfigurationList section */
	};
	rootObject = 5A8FC8E11D0D4442006C5A20 /* Project object */;
}
